
Microsoft Visual Studio Solution File, Format Version 12.00
# Visual Studio Version 17
VisualStudioVersion = 17.6.33723.286
MinimumVisualStudioVersion = 10.0.40219.1
Project("{FAE04EC0-301F-11D3-BF4B-00C04F79EFBC}") = "Windows_Modification", "Windows_Modification\Windows_Modification.csproj", "{ABE1FE3A-5E3E-4070-99F4-670844398610}"
EndProject
Global
	GlobalSection(SolutionConfigurationPlatforms) = preSolution
		Debug|Any CPU = Debug|Any CPU
		Release|Any CPU = Release|Any CPU
	EndGlobalSection
	GlobalSection(ProjectConfigurationPlatforms) = postSolution
		{ABE1FE3A-5E3E-4070-99F4-670844398610}.Debug|Any CPU.ActiveCfg = Debug|Any CPU
		{ABE1FE3A-5E3E-4070-99F4-670844398610}.Debug|Any CPU.Build.0 = Debug|Any CPU
		{ABE1FE3A-5E3E-4070-99F4-670844398610}.Release|Any CPU.ActiveCfg = Release|Any CPU
		{ABE1FE3A-5E3E-4070-99F4-670844398610}.Release|Any CPU.Build.0 = Release|Any CPU
	EndGlobalSection
	GlobalSection(SolutionProperties) = preSolution
		HideSolutionNode = FALSE
	EndGlobalSection
	GlobalSection(ExtensibilityGlobals) = postSolution
		SolutionGuid = {A471ED57-2120-4930-A180-C4D40266A37D}
	EndGlobalSection
EndGlobal
